<Solution>
  <Project Path="Unity.InputSystem.csproj" />
  <Project Path="Code.csproj" />
  <Project Path="Assembly-CSharp-Editor.csproj" />
  <Project Path="Plugins.csproj" />
  <Project Path="TK.csproj" />
  <Project Path="Unity.VisualStudio.Editor.csproj" />
  <Project Path="Assembly-CSharp-firstpass.csproj" />
  <Project Path="Unity.InputSystem.TestFramework.csproj" />
  <Project Path="Isolated.csproj" />
  <Project Path="Unity.InputSystem.DocCodeSamples.csproj" />
  <Project Path="Unity.InputSystem.ForUI.csproj" />
  <Project Path="Assembly-CSharp.csproj" />
  <Project Path="Assembly-CSharp-Editor-firstpass.csproj" />
</Solution>
